
Microsoft Visual Studio Solution File, Format Version 12.00
# Visual Studio Version 17
VisualStudioVersion = 17.6.33723.286
MinimumVisualStudioVersion = 10.0.40219.1
Project("{2150E333-8FDC-42A3-9474-1A3956D46DE8}") = "Ui", "Ui", "{A2D2C6C8-D056-4BD4-8528-3A66F8E124CF}"
EndProject
Project("{2150E333-8FDC-42A3-9474-1A3956D46DE8}") = "Services", "Services", "{79EBC16A-AFB3-49B1-9C87-A70F9BF28C7A}"
EndProject
Project("{2150E333-8FDC-42A3-9474-1A3956D46DE8}") = "Core", "Core", "{45777167-89F2-44F4-9E94-11938F1DDFA8}"
EndProject
Project("{FAE04EC0-301F-11D3-BF4B-00C04F79EFBC}") = "OncologieApplicatie.model", "OncologieApplicatie.model\OncologieApplicatie.model.csproj", "{6E314348-1CEF-42C8-B022-C774A83D3300}"
EndProject
Project("{FAE04EC0-301F-11D3-BF4B-00C04F79EFBC}") = "ASP.NETCoreWebApplication1", "ASP.NETCoreWebApplication1\ASP.NETCoreWebApplication1.csproj", "{05F50252-E37E-4304-A1D5-C319F2C74796}"
EndProject
Project("{2150E333-8FDC-42A3-9474-1A3956D46DE8}") = "Console", "Console", "{5B3973AF-C7A4-4368-B9C0-08609BAD6B3B}"
EndProject
Project("{FAE04EC0-301F-11D3-BF4B-00C04F79EFBC}") = "TSVLoading", "TSVLoading\TSVLoading.csproj", "{4BCBA865-49FE-4C9C-9B71-33B436B0B08A}"
EndProject
Global
	GlobalSection(SolutionConfigurationPlatforms) = preSolution
		Debug|Any CPU = Debug|Any CPU
		Release|Any CPU = Release|Any CPU
	EndGlobalSection
	GlobalSection(ProjectConfigurationPlatforms) = postSolution
		{6E314348-1CEF-42C8-B022-C774A83D3300}.Debug|Any CPU.ActiveCfg = Debug|Any CPU
		{6E314348-1CEF-42C8-B022-C774A83D3300}.Debug|Any CPU.Build.0 = Debug|Any CPU
		{6E314348-1CEF-42C8-B022-C774A83D3300}.Release|Any CPU.ActiveCfg = Release|Any CPU
		{6E314348-1CEF-42C8-B022-C774A83D3300}.Release|Any CPU.Build.0 = Release|Any CPU
		{05F50252-E37E-4304-A1D5-C319F2C74796}.Debug|Any CPU.ActiveCfg = Debug|Any CPU
		{05F50252-E37E-4304-A1D5-C319F2C74796}.Debug|Any CPU.Build.0 = Debug|Any CPU
		{05F50252-E37E-4304-A1D5-C319F2C74796}.Release|Any CPU.ActiveCfg = Release|Any CPU
		{05F50252-E37E-4304-A1D5-C319F2C74796}.Release|Any CPU.Build.0 = Release|Any CPU
		{4BCBA865-49FE-4C9C-9B71-33B436B0B08A}.Debug|Any CPU.ActiveCfg = Debug|Any CPU
		{4BCBA865-49FE-4C9C-9B71-33B436B0B08A}.Debug|Any CPU.Build.0 = Debug|Any CPU
		{4BCBA865-49FE-4C9C-9B71-33B436B0B08A}.Release|Any CPU.ActiveCfg = Release|Any CPU
		{4BCBA865-49FE-4C9C-9B71-33B436B0B08A}.Release|Any CPU.Build.0 = Release|Any CPU
	EndGlobalSection
	GlobalSection(SolutionProperties) = preSolution
		HideSolutionNode = FALSE
	EndGlobalSection
	GlobalSection(NestedProjects) = preSolution
		{6E314348-1CEF-42C8-B022-C774A83D3300} = {45777167-89F2-44F4-9E94-11938F1DDFA8}
		{05F50252-E37E-4304-A1D5-C319F2C74796} = {A2D2C6C8-D056-4BD4-8528-3A66F8E124CF}
		{4BCBA865-49FE-4C9C-9B71-33B436B0B08A} = {5B3973AF-C7A4-4368-B9C0-08609BAD6B3B}
	EndGlobalSection
	GlobalSection(ExtensibilityGlobals) = postSolution
		SolutionGuid = {166D7F88-6A16-490D-8922-35FBB81558CF}
	EndGlobalSection
EndGlobal
